# THIS IS AN AUTOGENERATED FILE. DO NOT EDIT THIS FILE DIRECTLY.
# yarn lockfile v1


"@bnb-chain/greenfield-contracts-sdk@0.1.0":
  version "0.1.0"
  resolved "https://registry.yarnpkg.com/@bnb-chain/greenfield-contracts-sdk/-/greenfield-contracts-sdk-0.1.0.tgz#19ffe675c129bb4d87d5f326b15578e800496acf"
  integrity sha512-yjg/N7QMsB7gU69rw4rrGGFFQQefXK9IF6baqg2wi3ivXOP+5d4Mh0UkJTDBGcsaR0KKy8FFPSvdWdyXtvlEDA==
  dependencies:
    "@bnb-chain/greenfield-contracts" "0.1.1"
    "@openzeppelin/contracts" "^4.9.3"
    "@openzeppelin/contracts-upgradeable" "^4.9.3"

"@bnb-chain/greenfield-contracts@0.1.1":
  version "0.1.1"
  resolved "https://registry.yarnpkg.com/@bnb-chain/greenfield-contracts/-/greenfield-contracts-0.1.1.tgz#369786d6a68cacc217f0a886145d34f9a057c8cf"
  integrity sha512-VBOLghlmw21zuP15xpKjoMFRKhZakgZgKy9EmqH/ZJKZA9+zqQcYwUK+r0zsaSTWTngLKHJxXOTSclTJ2DHDAQ==
  dependencies:
    "@openzeppelin/contracts" "4.9.3"
    "@openzeppelin/contracts-upgradeable" "4.9.3"

"@openzeppelin/contracts-upgradeable@4.9.3", "@openzeppelin/contracts-upgradeable@^4.9.3":
  version "4.9.3"
  resolved "https://registry.yarnpkg.com/@openzeppelin/contracts-upgradeable/-/contracts-upgradeable-4.9.3.tgz#ff17a80fb945f5102571f8efecb5ce5915cc4811"
  integrity sha512-jjaHAVRMrE4UuZNfDwjlLGDxTHWIOwTJS2ldnc278a0gevfXfPr8hxKEVBGFBE96kl2G3VHDZhUimw/+G3TG2A==

"@openzeppelin/contracts@4.9.3", "@openzeppelin/contracts@^4.9.3":
  version "4.9.3"
  resolved "https://registry.yarnpkg.com/@openzeppelin/contracts/-/contracts-4.9.3.tgz#00d7a8cf35a475b160b3f0293a6403c511099364"
  integrity sha512-He3LieZ1pP2TNt5JbkPA4PNT9WC3gOTOlDcFGJW4Le4QKqwmiNJCRt44APfxMxvq7OugU/cqYuPcSBzOw38DAg==
